// !$*UTF8*$!
{
	archiveVersion = 1;
	classes = {
	};
	objectVersion = 50;
	objects = {

/* Begin PBXBuildFile section */
		2E0602FD209FF53F00B48700 /* AppDelegate.m in Sources */ = {isa = PBXBuildFile; fileRef = 2E0602FC209FF53F00B48700 /* AppDelegate.m */; };
		2E060300209FF53F00B48700 /* ViewController.m in Sources */ = {isa = PBXBuildFile; fileRef = 2E0602FF209FF53F00B48700 /* ViewController.m */; };
		2E060303209FF53F00B48700 /* Main.storyboard in Resources */ = {isa = PBXBuildFile; fileRef = 2E060301209FF53F00B48700 /* Main.storyboard */; };
		2E060305209FF54000B48700 /* Assets.xcassets in Resources */ = {isa = PBXBuildFile; fileRef = 2E060304209FF54000B48700 /* Assets.xcassets */; };
		2E060308209FF54000B48700 /* LaunchScreen.storyboard in Resources */ = {isa = PBXBuildFile; fileRef = 2E060306209FF54000B48700 /* LaunchScreen.storyboard */; };
		2E06030B209FF54000B48700 /* main.m in Sources */ = {isa = PBXBuildFile; fileRef = 2E06030A209FF54000B48700 /* main.m */; };
		2E060314209FF55600B48700 /* Sort.c in Sources */ = {isa = PBXBuildFile; fileRef = 2E060313209FF55600B48700 /* Sort.c */; };
		2E060317209FF57500B48700 /* BinaryTreeNode.m in Sources */ = {isa = PBXBuildFile; fileRef = 2E060315209FF57500B48700 /* BinaryTreeNode.m */; };
		2E06031A209FF57D00B48700 /* ListNode.m in Sources */ = {isa = PBXBuildFile; fileRef = 2E060318209FF57D00B48700 /* ListNode.m */; };
		2E060322209FF73600B48700 /* ArithmeticTests.m in Sources */ = {isa = PBXBuildFile; fileRef = 2E060321209FF73600B48700 /* ArithmeticTests.m */; };
		2E06033420A0103300B48700 /* CharReverse.c in Sources */ = {isa = PBXBuildFile; fileRef = 2E06033320A0103300B48700 /* CharReverse.c */; };
/* End PBXBuildFile section */

/* Begin PBXContainerItemProxy section */
		2E060324209FF73600B48700 /* PBXContainerItemProxy */ = {
			isa = PBXContainerItemProxy;
			containerPortal = 2E0602F0209FF53F00B48700 /* Project object */;
			proxyType = 1;
			remoteGlobalIDString = 2E0602F7209FF53F00B48700;
			remoteInfo = Arithmetic;
		};
/* End PBXContainerItemProxy section */

/* Begin PBXFileReference section */
		2E0602F8209FF53F00B48700 /* Arithmetic.app */ = {isa = PBXFileReference; explicitFileType = wrapper.application; includeInIndex = 0; path = Arithmetic.app; sourceTree = BUILT_PRODUCTS_DIR; };
		2E0602FB209FF53F00B48700 /* AppDelegate.h */ = {isa = PBXFileReference; lastKnownFileType = sourcecode.c.h; path = AppDelegate.h; sourceTree = "<group>"; };
		2E0602FC209FF53F00B48700 /* AppDelegate.m */ = {isa = PBXFileReference; lastKnownFileType = sourcecode.c.objc; path = AppDelegate.m; sourceTree = "<group>"; };
		2E0602FE209FF53F00B48700 /* ViewController.h */ = {isa = PBXFileReference; lastKnownFileType = sourcecode.c.h; path = ViewController.h; sourceTree = "<group>"; };
		2E0602FF209FF53F00B48700 /* ViewController.m */ = {isa = PBXFileReference; lastKnownFileType = sourcecode.c.objc; path = ViewController.m; sourceTree = "<group>"; };
		2E060302209FF53F00B48700 /* Base */ = {isa = PBXFileReference; lastKnownFileType = file.storyboard; name = Base; path = Base.lproj/Main.storyboard; sourceTree = "<group>"; };
		2E060304209FF54000B48700 /* Assets.xcassets */ = {isa = PBXFileReference; lastKnownFileType = folder.assetcatalog; path = Assets.xcassets; sourceTree = "<group>"; };
		2E060307209FF54000B48700 /* Base */ = {isa = PBXFileReference; lastKnownFileType = file.storyboard; name = Base; path = Base.lproj/LaunchScreen.storyboard; sourceTree = "<group>"; };
		2E060309209FF54000B48700 /* Info.plist */ = {isa = PBXFileReference; lastKnownFileType = text.plist.xml; path = Info.plist; sourceTree = "<group>"; };
		2E06030A209FF54000B48700 /* main.m */ = {isa = PBXFileReference; lastKnownFileType = sourcecode.c.objc; path = main.m; sourceTree = "<group>"; };
		2E060312209FF55600B48700 /* Sort.h */ = {isa = PBXFileReference; fileEncoding = 4; lastKnownFileType = sourcecode.c.h; path = Sort.h; sourceTree = "<group>"; };
		2E060313209FF55600B48700 /* Sort.c */ = {isa = PBXFileReference; fileEncoding = 4; lastKnownFileType = sourcecode.c.c; path = Sort.c; sourceTree = "<group>"; };
		2E060315209FF57500B48700 /* BinaryTreeNode.m */ = {isa = PBXFileReference; fileEncoding = 4; lastKnownFileType = sourcecode.c.objc; path = BinaryTreeNode.m; sourceTree = "<group>"; };
		2E060316209FF57500B48700 /* BinaryTreeNode.h */ = {isa = PBXFileReference; fileEncoding = 4; lastKnownFileType = sourcecode.c.h; path = BinaryTreeNode.h; sourceTree = "<group>"; };
		2E060318209FF57D00B48700 /* ListNode.m */ = {isa = PBXFileReference; fileEncoding = 4; lastKnownFileType = sourcecode.c.objc; path = ListNode.m; sourceTree = "<group>"; };
		2E060319209FF57D00B48700 /* ListNode.h */ = {isa = PBXFileReference; fileEncoding = 4; lastKnownFileType = sourcecode.c.h; path = ListNode.h; sourceTree = "<group>"; };
		2E06031F209FF73600B48700 /* ArithmeticTests.xctest */ = {isa = PBXFileReference; explicitFileType = wrapper.cfbundle; includeInIndex = 0; path = ArithmeticTests.xctest; sourceTree = BUILT_PRODUCTS_DIR; };
		2E060321209FF73600B48700 /* ArithmeticTests.m */ = {isa = PBXFileReference; lastKnownFileType = sourcecode.c.objc; path = ArithmeticTests.m; sourceTree = "<group>"; };
		2E060323209FF73600B48700 /* Info.plist */ = {isa = PBXFileReference; lastKnownFileType = text.plist.xml; path = Info.plist; sourceTree = "<group>"; };
		2E06033220A0103300B48700 /* CharReverse.h */ = {isa = PBXFileReference; lastKnownFileType = sourcecode.c.h; path = CharReverse.h; sourceTree = "<group>"; };
		2E06033320A0103300B48700 /* CharReverse.c */ = {isa = PBXFileReference; lastKnownFileType = sourcecode.c.c; path = CharReverse.c; sourceTree = "<group>"; };
/* End PBXFileReference section */

/* Begin PBXFrameworksBuildPhase section */
		2E0602F5209FF53F00B48700 /* Frameworks */ = {
			isa = PBXFrameworksBuildPhase;
			buildActionMask = 2147483647;
			files = (
			);
			runOnlyForDeploymentPostprocessing = 0;
		};
		2E06031C209FF73600B48700 /* Frameworks */ = {
			isa = PBXFrameworksBuildPhase;
			buildActionMask = 2147483647;
			files = (
			);
			runOnlyForDeploymentPostprocessing = 0;
		};
/* End PBXFrameworksBuildPhase section */

/* Begin PBXGroup section */
		2E0602EF209FF53F00B48700 = {
			isa = PBXGroup;
			children = (
				2E0602FA209FF53F00B48700 /* Arithmetic */,
				2E060320209FF73600B48700 /* ArithmeticTests */,
				2E0602F9209FF53F00B48700 /* Products */,
			);
			sourceTree = "<group>";
		};
		2E0602F9209FF53F00B48700 /* Products */ = {
			isa = PBXGroup;
			children = (
				2E0602F8209FF53F00B48700 /* Arithmetic.app */,
				2E06031F209FF73600B48700 /* ArithmeticTests.xctest */,
			);
			name = Products;
			sourceTree = "<group>";
		};
		2E0602FA209FF53F00B48700 /* Arithmetic */ = {
			isa = PBXGroup;
			children = (
				2E060311209FF54B00B48700 /* Arithmetic */,
				2E0602FB209FF53F00B48700 /* AppDelegate.h */,
				2E0602FC209FF53F00B48700 /* AppDelegate.m */,
				2E0602FE209FF53F00B48700 /* ViewController.h */,
				2E0602FF209FF53F00B48700 /* ViewController.m */,
				2E060301209FF53F00B48700 /* Main.storyboard */,
				2E060304209FF54000B48700 /* Assets.xcassets */,
				2E060306209FF54000B48700 /* LaunchScreen.storyboard */,
				2E060309209FF54000B48700 /* Info.plist */,
				2E06030A209FF54000B48700 /* main.m */,
			);
			path = Arithmetic;
			sourceTree = "<group>";
		};
		2E060311209FF54B00B48700 /* Arithmetic */ = {
			isa = PBXGroup;
			children = (
				2E060312209FF55600B48700 /* Sort.h */,
				2E060313209FF55600B48700 /* Sort.c */,
				2E06033220A0103300B48700 /* CharReverse.h */,
				2E06033320A0103300B48700 /* CharReverse.c */,
				2E060316209FF57500B48700 /* BinaryTreeNode.h */,
				2E060315209FF57500B48700 /* BinaryTreeNode.m */,
				2E060319209FF57D00B48700 /* ListNode.h */,
				2E060318209FF57D00B48700 /* ListNode.m */,
			);
			path = Arithmetic;
			sourceTree = "<group>";
		};
		2E060320209FF73600B48700 /* ArithmeticTests */ = {
			isa = PBXGroup;
			children = (
				2E060321209FF73600B48700 /* ArithmeticTests.m */,
				2E060323209FF73600B48700 /* Info.plist */,
			);
			path = ArithmeticTests;
			sourceTree = "<group>";
		};
/* End PBXGroup section */

/* Begin PBXNativeTarget section */
		2E0602F7209FF53F00B48700 /* Arithmetic */ = {
			isa = PBXNativeTarget;
			buildConfigurationList = 2E06030E209FF54000B48700 /* Build configuration list for PBXNativeTarget "Arithmetic" */;
			buildPhases = (
				2E0602F4209FF53F00B48700 /* Sources */,
				2E0602F5209FF53F00B48700 /* Frameworks */,
				2E0602F6209FF53F00B48700 /* Resources */,
			);
			buildRules = (
			);
			dependencies = (
			);
			name = Arithmetic;
			productName = Arithmetic;
			productReference = 2E0602F8209FF53F00B48700 /* Arithmetic.app */;
			productType = "com.apple.product-type.application";
		};
		2E06031E209FF73600B48700 /* ArithmeticTests */ = {
			isa = PBXNativeTarget;
			buildConfigurationList = 2E060326209FF73600B48700 /* Build configuration list for PBXNativeTarget "ArithmeticTests" */;
			buildPhases = (
				2E06031B209FF73600B48700 /* Sources */,
				2E06031C209FF73600B48700 /* Frameworks */,
				2E06031D209FF73600B48700 /* Resources */,
			);
			buildRules = (
			);
			dependencies = (
				2E060325209FF73600B48700 /* PBXTargetDependency */,
			);
			name = ArithmeticTests;
			productName = ArithmeticTests;
			productReference = 2E06031F209FF73600B48700 /* ArithmeticTests.xctest */;
			productType = "com.apple.product-type.bundle.unit-test";
		};
/* End PBXNativeTarget section */

/* Begin PBXProject section */
		2E0602F0209FF53F00B48700 /* Project object */ = {
			isa = PBXProject;
			attributes = {
				LastUpgradeCheck = 0930;
				ORGANIZATIONNAME = "ke sen.";
				TargetAttributes = {
					2E0602F7209FF53F00B48700 = {
						CreatedOnToolsVersion = 9.3;
					};
					2E06031E209FF73600B48700 = {
						CreatedOnToolsVersion = 9.3;
						TestTargetID = 2E0602F7209FF53F00B48700;
					};
				};
			};
			buildConfigurationList = 2E0602F3209FF53F00B48700 /* Build configuration list for PBXProject "Arithmetic" */;
			compatibilityVersion = "Xcode 9.3";
			developmentRegion = en;
			hasScannedForEncodings = 0;
			knownRegions = (
				en,
				Base,
			);
			mainGroup = 2E0602EF209FF53F00B48700;
			productRefGroup = 2E0602F9209FF53F00B48700 /* Products */;
			projectDirPath = "";
			projectRoot = "";
			targets = (
				2E0602F7209FF53F00B48700 /* Arithmetic */,
				2E06031E209FF73600B48700 /* ArithmeticTests */,
			);
		};
/* End PBXProject section */

/* Begin PBXResourcesBuildPhase section */
		2E0602F6209FF53F00B48700 /* Resources */ = {
			isa = PBXResourcesBuildPhase;
			buildActionMask = 2147483647;
			files = (
				2E060308209FF54000B48700 /* LaunchScreen.storyboard in Resources */,
				2E060305209FF54000B48700 /* Assets.xcassets in Resources */,
				2E060303209FF53F00B48700 /* Main.storyboard in Resources */,
			);
			runOnlyForDeploymentPostprocessing = 0;
		};
		2E06031D209FF73600B48700 /* Resources */ = {
			isa = PBXResourcesBuildPhase;
			buildActionMask = 2147483647;
			files = (
			);
			runOnlyForDeploymentPostprocessing = 0;
		};
/* End PBXResourcesBuildPhase section */

/* Begin PBXSourcesBuildPhase section */
		2E0602F4209FF53F00B48700 /* Sources */ = {
			isa = PBXSourcesBuildPhase;
			buildActionMask = 2147483647;
			files = (
				2E060300209FF53F00B48700 /* ViewController.m in Sources */,
				2E06031A209FF57D00B48700 /* ListNode.m in Sources */,
				2E06030B209FF54000B48700 /* main.m in Sources */,
				2E06033420A0103300B48700 /* CharReverse.c in Sources */,
				2E0602FD209FF53F00B48700 /* AppDelegate.m in Sources */,
				2E060317209FF57500B48700 /* BinaryTreeNode.m in Sources */,
				2E060314209FF55600B48700 /* Sort.c in Sources */,
			);
			runOnlyForDeploymentPostprocessing = 0;
		};
		2E06031B209FF73600B48700 /* Sources */ = {
			isa = PBXSourcesBuildPhase;
			buildActionMask = 2147483647;
			files = (
				2E060322209FF73600B48700 /* ArithmeticTests.m in Sources */,
			);
			runOnlyForDeploymentPostprocessing = 0;
		};
/* End PBXSourcesBuildPhase section */

/* Begin PBXTargetDependency section */
		2E060325209FF73600B48700 /* PBXTargetDependency */ = {
			isa = PBXTargetDependency;
			target = 2E0602F7209FF53F00B48700 /* Arithmetic */;
			targetProxy = 2E060324209FF73600B48700 /* PBXContainerItemProxy */;
		};
/* End PBXTargetDependency section */

/* Begin PBXVariantGroup section */
		2E060301209FF53F00B48700 /* Main.storyboard */ = {
			isa = PBXVariantGroup;
			children = (
				2E060302209FF53F00B48700 /* Base */,
			);
			name = Main.storyboard;
			sourceTree = "<group>";
		};
		2E060306209FF54000B48700 /* LaunchScreen.storyboard */ = {
			isa = PBXVariantGroup;
			children = (
				2E060307209FF54000B48700 /* Base */,
			);
			name = LaunchScreen.storyboard;
			sourceTree = "<group>";
		};
/* End PBXVariantGroup section */

/* Begin XCBuildConfiguration section */
		2E06030C209FF54000B48700 /* Debug */ = {
			isa = XCBuildConfiguration;
			buildSettings = {
				ALWAYS_SEARCH_USER_PATHS = NO;
				CLANG_ANALYZER_NONNULL = YES;
				CLANG_ANALYZER_NUMBER_OBJECT_CONVERSION = YES_AGGRESSIVE;
				CLANG_CXX_LANGUAGE_STANDARD = "gnu++14";
				CLANG_CXX_LIBRARY = "libc++";
				CLANG_ENABLE_MODULES = YES;
				CLANG_ENABLE_OBJC_ARC = YES;
				CLANG_ENABLE_OBJC_WEAK = YES;
				CLANG_WARN_BLOCK_CAPTURE_AUTORELEASING = YES;
				CLANG_WARN_BOOL_CONVERSION = YES;
				CLANG_WARN_COMMA = YES;
				CLANG_WARN_CONSTANT_CONVERSION = YES;
				CLANG_WARN_DEPRECATED_OBJC_IMPLEMENTATIONS = YES;
				CLANG_WARN_DIRECT_OBJC_ISA_USAGE = YES_ERROR;
				CLANG_WARN_DOCUMENTATION_COMMENTS = YES;
				CLANG_WARN_EMPTY_BODY = YES;
				CLANG_WARN_ENUM_CONVERSION = YES;
				CLANG_WARN_INFINITE_RECURSION = YES;
				CLANG_WARN_INT_CONVERSION = YES;
				CLANG_WARN_NON_LITERAL_NULL_CONVERSION = YES;
				CLANG_WARN_OBJC_IMPLICIT_RETAIN_SELF = YES;
				CLANG_WARN_OBJC_LITERAL_CONVERSION = YES;
				CLANG_WARN_OBJC_ROOT_CLASS = YES_ERROR;
				CLANG_WARN_RANGE_LOOP_ANALYSIS = YES;
				CLANG_WARN_STRICT_PROTOTYPES = YES;
				CLANG_WARN_SUSPICIOUS_MOVE = YES;
				CLANG_WARN_UNGUARDED_AVAILABILITY = YES_AGGRESSIVE;
				CLANG_WARN_UNREACHABLE_CODE = YES;
				CLANG_WARN__DUPLICATE_METHOD_MATCH = YES;
				CODE_SIGN_IDENTITY = "iPhone Developer";
				COPY_PHASE_STRIP = NO;
				DEBUG_INFORMATION_FORMAT = dwarf;
				ENABLE_STRICT_OBJC_MSGSEND = YES;
				ENABLE_TESTABILITY = YES;
				GCC_C_LANGUAGE_STANDARD = gnu11;
				GCC_DYNAMIC_NO_PIC = NO;
				GCC_NO_COMMON_BLOCKS = YES;
				GCC_OPTIMIZATION_LEVEL = 0;
				GCC_PREPROCESSOR_DEFINITIONS = (
					"DEBUG=1",
					"$(inherited)",
				);
				GCC_WARN_64_TO_32_BIT_CONVERSION = YES;
				GCC_WARN_ABOUT_RETURN_TYPE = YES_ERROR;
				GCC_WARN_UNDECLARED_SELECTOR = YES;
				GCC_WARN_UNINITIALIZED_AUTOS = YES_AGGRESSIVE;
				GCC_WARN_UNUSED_FUNCTION = YES;
				GCC_WARN_UNUSED_VARIABLE = YES;
				IPHONEOS_DEPLOYMENT_TARGET = 11.3;
				MTL_ENABLE_DEBUG_INFO = YES;
				ONLY_ACTIVE_ARCH = YES;
				SDKROOT = iphoneos;
			};
			name = Debug;
		};
		2E06030D209FF54000B48700 /* Release */ = {
			isa = XCBuildConfiguration;
			buildSettings = {
				ALWAYS_SEARCH_USER_PATHS = NO;
				CLANG_ANALYZER_NONNULL = YES;
				CLANG_ANALYZER_NUMBER_OBJECT_CONVERSION = YES_AGGRESSIVE;
				CLANG_CXX_LANGUAGE_STANDARD = "gnu++14";
				CLANG_CXX_LIBRARY = "libc++";
				CLANG_ENABLE_MODULES = YES;
				CLANG_ENABLE_OBJC_ARC = YES;
				CLANG_ENABLE_OBJC_WEAK = YES;
				CLANG_WARN_BLOCK_CAPTURE_AUTORELEASING = YES;
				CLANG_WARN_BOOL_CONVERSION = YES;
				CLANG_WARN_COMMA = YES;
				CLANG_WARN_CONSTANT_CONVERSION = YES;
				CLANG_WARN_DEPRECATED_OBJC_IMPLEMENTATIONS = YES;
				CLANG_WARN_DIRECT_OBJC_ISA_USAGE = YES_ERROR;
				CLANG_WARN_DOCUMENTATION_COMMENTS = YES;
				CLANG_WARN_EMPTY_BODY = YES;
				CLANG_WARN_ENUM_CONVERSION = YES;
				CLANG_WARN_INFINITE_RECURSION = YES;
				CLANG_WARN_INT_CONVERSION = YES;
				CLANG_WARN_NON_LITERAL_NULL_CONVERSION = YES;
				CLANG_WARN_OBJC_IMPLICIT_RETAIN_SELF = YES;
				CLANG_WARN_OBJC_LITERAL_CONVERSION = YES;
				CLANG_WARN_OBJC_ROOT_CLASS = YES_ERROR;
				CLANG_WARN_RANGE_LOOP_ANALYSIS = YES;
				CLANG_WARN_STRICT_PROTOTYPES = YES;
				CLANG_WARN_SUSPICIOUS_MOVE = YES;
				CLANG_WARN_UNGUARDED_AVAILABILITY = YES_AGGRESSIVE;
				CLANG_WARN_UNREACHABLE_CODE = YES;
				CLANG_WARN__DUPLICATE_METHOD_MATCH = YES;
				CODE_SIGN_IDENTITY = "iPhone Developer";
				COPY_PHASE_STRIP = NO;
				DEBUG_INFORMATION_FORMAT = "dwarf-with-dsym";
				ENABLE_NS_ASSERTIONS = NO;
				ENABLE_STRICT_OBJC_MSGSEND = YES;
				GCC_C_LANGUAGE_STANDARD = gnu11;
				GCC_NO_COMMON_BLOCKS = YES;
				GCC_WARN_64_TO_32_BIT_CONVERSION = YES;
				GCC_WARN_ABOUT_RETURN_TYPE = YES_ERROR;
				GCC_WARN_UNDECLARED_SELECTOR = YES;
				GCC_WARN_UNINITIALIZED_AUTOS = YES_AGGRESSIVE;
				GCC_WARN_UNUSED_FUNCTION = YES;
				GCC_WARN_UNUSED_VARIABLE = YES;
				IPHONEOS_DEPLOYMENT_TARGET = 11.3;
				MTL_ENABLE_DEBUG_INFO = NO;
				SDKROOT = iphoneos;
				VALIDATE_PRODUCT = YES;
			};
			name = Release;
		};
		2E06030F209FF54000B48700 /* Debug */ = {
			isa = XCBuildConfiguration;
			buildSettings = {
				ASSETCATALOG_COMPILER_APPICON_NAME = AppIcon;
				CODE_SIGN_STYLE = Automatic;
				DEVELOPMENT_TEAM = 33UJTTK2KL;
				INFOPLIST_FILE = Arithmetic/Info.plist;
				LD_RUNPATH_SEARCH_PATHS = (
					"$(inherited)",
					"@executable_path/Frameworks",
				);
				PRODUCT_BUNDLE_IDENTIFIER = KK.Arithmetic;
				PRODUCT_NAME = "$(TARGET_NAME)";
				TARGETED_DEVICE_FAMILY = "1,2";
			};
			name = Debug;
		};
		2E060310209FF54000B48700 /* Release */ = {
			isa = XCBuildConfiguration;
			buildSettings = {
				ASSETCATALOG_COMPILER_APPICON_NAME = AppIcon;
				CODE_SIGN_STYLE = Automatic;
				DEVELOPMENT_TEAM = 33UJTTK2KL;
				INFOPLIST_FILE = Arithmetic/Info.plist;
				LD_RUNPATH_SEARCH_PATHS = (
					"$(inherited)",
					"@executable_path/Frameworks",
				);
				PRODUCT_BUNDLE_IDENTIFIER = KK.Arithmetic;
				PRODUCT_NAME = "$(TARGET_NAME)";
				TARGETED_DEVICE_FAMILY = "1,2";
			};
			name = Release;
		};
		2E060327209FF73600B48700 /* Debug */ = {
			isa = XCBuildConfiguration;
			buildSettings = {
				BUNDLE_LOADER = "$(TEST_HOST)";
				CODE_SIGN_STYLE = Automatic;
				DEVELOPMENT_TEAM = 33UJTTK2KL;
				INFOPLIST_FILE = ArithmeticTests/Info.plist;
				LD_RUNPATH_SEARCH_PATHS = (
					"$(inherited)",
					"@executable_path/Frameworks",
					"@loader_path/Frameworks",
				);
				PRODUCT_BUNDLE_IDENTIFIER = KK.ArithmeticTests;
				PRODUCT_NAME = "$(TARGET_NAME)";
				TARGETED_DEVICE_FAMILY = "1,2";
				TEST_HOST = "$(BUILT_PRODUCTS_DIR)/Arithmetic.app/Arithmetic";
			};
			name = Debug;
		};
		2E060328209FF73600B48700 /* Release */ = {
			isa = XCBuildConfiguration;
			buildSettings = {
				BUNDLE_LOADER = "$(TEST_HOST)";
				CODE_SIGN_STYLE = Automatic;
				DEVELOPMENT_TEAM = 33UJTTK2KL;
				INFOPLIST_FILE = ArithmeticTests/Info.plist;
				LD_RUNPATH_SEARCH_PATHS = (
					"$(inherited)",
					"@executable_path/Frameworks",
					"@loader_path/Frameworks",
				);
				PRODUCT_BUNDLE_IDENTIFIER = KK.ArithmeticTests;
				PRODUCT_NAME = "$(TARGET_NAME)";
				TARGETED_DEVICE_FAMILY = "1,2";
				TEST_HOST = "$(BUILT_PRODUCTS_DIR)/Arithmetic.app/Arithmetic";
			};
			name = Release;
		};
/* End XCBuildConfiguration section */

/* Begin XCConfigurationList section */
		2E0602F3209FF53F00B48700 /* Build configuration list for PBXProject "Arithmetic" */ = {
			isa = XCConfigurationList;
			buildConfigurations = (
				2E06030C209FF54000B48700 /* Debug */,
				2E06030D209FF54000B48700 /* Release */,
			);
			defaultConfigurationIsVisible = 0;
			defaultConfigurationName = Release;
		};
		2E06030E209FF54000B48700 /* Build configuration list for PBXNativeTarget "Arithmetic" */ = {
			isa = XCConfigurationList;
			buildConfigurations = (
				2E06030F209FF54000B48700 /* Debug */,
				2E060310209FF54000B48700 /* Release */,
			);
			defaultConfigurationIsVisible = 0;
			defaultConfigurationName = Release;
		};
		2E060326209FF73600B48700 /* Build configuration list for PBXNativeTarget "ArithmeticTests" */ = {
			isa = XCConfigurationList;
			buildConfigurations = (
				2E060327209FF73600B48700 /* Debug */,
				2E060328209FF73600B48700 /* Release */,
			);
			defaultConfigurationIsVisible = 0;
			defaultConfigurationName = Release;
		};
/* End XCConfigurationList section */
	};
	rootObject = 2E0602F0209FF53F00B48700 /* Project object */;
}
